
Microsoft Visual Studio Solution File, Format Version 12.00
# Visual Studio Version 17
VisualStudioVersion = 17.3.32922.545
MinimumVisualStudioVersion = 10.0.40219.1
Project("{FAE04EC0-301F-11D3-BF4B-00C04F79EFBC}") = "AnimationDemo", "AnimationDemo\AnimationDemo.csproj", "{8B970925-DD6D-4EF7-960B-0DFD41F97234}"
EndProject
Global
	GlobalSection(SolutionConfigurationPlatforms) = preSolution
		Debug|Any CPU = Debug|Any CPU
		Release|Any CPU = Release|Any CPU
	EndGlobalSection
	GlobalSection(ProjectConfigurationPlatforms) = postSolution
		{8B970925-DD6D-4EF7-960B-0DFD41F97234}.Debug|Any CPU.ActiveCfg = Debug|Any CPU
		{8B970925-DD6D-4EF7-960B-0DFD41F97234}.Debug|Any CPU.Build.0 = Debug|Any CPU
		{8B970925-DD6D-4EF7-960B-0DFD41F97234}.Release|Any CPU.ActiveCfg = Release|Any CPU
		{8B970925-DD6D-4EF7-960B-0DFD41F97234}.Release|Any CPU.Build.0 = Release|Any CPU
	EndGlobalSection
	GlobalSection(SolutionProperties) = preSolution
		HideSolutionNode = FALSE
	EndGlobalSection
	GlobalSection(ExtensibilityGlobals) = postSolution
		SolutionGuid = {19E3BE86-6595-4108-86A5-016CEBE0C747}
	EndGlobalSection
EndGlobal
